
Microsoft Visual Studio Solution File, Format Version 12.00
# Visual Studio 15
VisualStudioVersion = 15.0.26730.3
MinimumVisualStudioVersion = 10.0.40219.1
Project("{2150E333-8FDC-42A3-9474-1A3956D46DE8}") = "1 - Presentation", "1 - Presentation", "{0852F82A-C555-4A92-B40A-A243F1815612}"
EndProject
Project("{2150E333-8FDC-42A3-9474-1A3956D46DE8}") = "2 - Services", "2 - Services", "{5C381A69-BBA3-4984-BB75-7093B681B646}"
EndProject
Project("{2150E333-8FDC-42A3-9474-1A3956D46DE8}") = "3 - Application", "3 - Application", "{3361A4EF-8E5F-44C9-BBD8-63F86D485285}"
EndProject
Project("{2150E333-8FDC-42A3-9474-1A3956D46DE8}") = "5 - Infrastructure", "5 - Infrastructure", "{AE64E387-CFA3-4AC7-9C58-F5C67C18848D}"
EndProject
Project("{2150E333-8FDC-42A3-9474-1A3956D46DE8}") = "4 - Domain", "4 - Domain", "{4DA81836-1F61-4D8D-80F3-CBADE17D79D8}"
EndProject
Project("{2150E333-8FDC-42A3-9474-1A3956D46DE8}") = "5.1 - Data", "5.1 - Data", "{60751F7E-446E-4FD9-9AE9-A97131E7457E}"
EndProject
Project("{2150E333-8FDC-42A3-9474-1A3956D46DE8}") = "5.2 - CrossCutting", "5.2 - CrossCutting", "{923DF04E-DD82-49A0-B063-7B57C655240D}"
EndProject
Project("{FAE04EC0-301F-11D3-BF4B-00C04F79EFBC}") = "ApiFCamara.Services.WebApi", "2 - Services\ApiFCamara.Services.WebApi\ApiFCamara.Services.WebApi.csproj", "{514A4D40-95F0-4A0A-A10D-E11E7B9ABE6D}"
EndProject
Global
	GlobalSection(SolutionConfigurationPlatforms) = preSolution
		Debug|Any CPU = Debug|Any CPU
		Release|Any CPU = Release|Any CPU
	EndGlobalSection
	GlobalSection(ProjectConfigurationPlatforms) = postSolution
		{514A4D40-95F0-4A0A-A10D-E11E7B9ABE6D}.Debug|Any CPU.ActiveCfg = Debug|Any CPU
		{514A4D40-95F0-4A0A-A10D-E11E7B9ABE6D}.Debug|Any CPU.Build.0 = Debug|Any CPU
		{514A4D40-95F0-4A0A-A10D-E11E7B9ABE6D}.Release|Any CPU.ActiveCfg = Release|Any CPU
		{514A4D40-95F0-4A0A-A10D-E11E7B9ABE6D}.Release|Any CPU.Build.0 = Release|Any CPU
	EndGlobalSection
	GlobalSection(SolutionProperties) = preSolution
		HideSolutionNode = FALSE
	EndGlobalSection
	GlobalSection(NestedProjects) = preSolution
		{60751F7E-446E-4FD9-9AE9-A97131E7457E} = {AE64E387-CFA3-4AC7-9C58-F5C67C18848D}
		{923DF04E-DD82-49A0-B063-7B57C655240D} = {AE64E387-CFA3-4AC7-9C58-F5C67C18848D}
		{514A4D40-95F0-4A0A-A10D-E11E7B9ABE6D} = {5C381A69-BBA3-4984-BB75-7093B681B646}
	EndGlobalSection
	GlobalSection(ExtensibilityGlobals) = postSolution
		SolutionGuid = {A566A535-FF98-4176-8398-21EA1F26CDC6}
	EndGlobalSection
EndGlobal
